// !$*UTF8*$!
{
	archiveVersion = 1;
	classes = {
	};
	objectVersion = 50;
	objects = {

/* Begin PBXBuildFile section */
		A1DDA319214F8271007386B1 /* AppDelegate.swift in Sources */ = {isa = PBXBuildFile; fileRef = A1DDA318214F8271007386B1 /* AppDelegate.swift */; };
		A1DDA31B214F8271007386B1 /* ViewController.swift in Sources */ = {isa = PBXBuildFile; fileRef = A1DDA31A214F8271007386B1 /* ViewController.swift */; };
		A1DDA31E214F8271007386B1 /* Main.storyboard in Resources */ = {isa = PBXBuildFile; fileRef = A1DDA31C214F8271007386B1 /* Main.storyboard */; };
		A1DDA320214F827A007386B1 /* Assets.xcassets in Resources */ = {isa = PBXBuildFile; fileRef = A1DDA31F214F827A007386B1 /* Assets.xcassets */; };
		A1DDA323214F827A007386B1 /* LaunchScreen.storyboard in Resources */ = {isa = PBXBuildFile; fileRef = A1DDA321214F827A007386B1 /* LaunchScreen.storyboard */; };
		A1DDA32E214F827B007386B1 /* Noti_ManiaTests.swift in Sources */ = {isa = PBXBuildFile; fileRef = A1DDA32D214F827B007386B1 /* Noti_ManiaTests.swift */; };
		A1DDA339214F827B007386B1 /* Noti_ManiaUITests.swift in Sources */ = {isa = PBXBuildFile; fileRef = A1DDA338214F827B007386B1 /* Noti_ManiaUITests.swift */; };
/* End PBXBuildFile section */

/* Begin PBXContainerItemProxy section */
		A1DDA32A214F827B007386B1 /* PBXContainerItemProxy */ = {
			isa = PBXContainerItemProxy;
			containerPortal = A1DDA30D214F8271007386B1 /* Project object */;
			proxyType = 1;
			remoteGlobalIDString = A1DDA314214F8271007386B1;
			remoteInfo = "Noti Mania";
		};
		A1DDA335214F827B007386B1 /* PBXContainerItemProxy */ = {
			isa = PBXContainerItemProxy;
			containerPortal = A1DDA30D214F8271007386B1 /* Project object */;
			proxyType = 1;
			remoteGlobalIDString = A1DDA314214F8271007386B1;
			remoteInfo = "Noti Mania";
		};
/* End PBXContainerItemProxy section */

/* Begin PBXFileReference section */
		A1DDA315214F8271007386B1 /* Noti Mania.app */ = {isa = PBXFileReference; explicitFileType = wrapper.application; includeInIndex = 0; path = "Noti Mania.app"; sourceTree = BUILT_PRODUCTS_DIR; };
		A1DDA318214F8271007386B1 /* AppDelegate.swift */ = {isa = PBXFileReference; lastKnownFileType = sourcecode.swift; path = AppDelegate.swift; sourceTree = "<group>"; };
		A1DDA31A214F8271007386B1 /* ViewController.swift */ = {isa = PBXFileReference; lastKnownFileType = sourcecode.swift; path = ViewController.swift; sourceTree = "<group>"; };
		A1DDA31D214F8271007386B1 /* Base */ = {isa = PBXFileReference; lastKnownFileType = file.storyboard; name = Base; path = Base.lproj/Main.storyboard; sourceTree = "<group>"; };
		A1DDA31F214F827A007386B1 /* Assets.xcassets */ = {isa = PBXFileReference; lastKnownFileType = folder.assetcatalog; path = Assets.xcassets; sourceTree = "<group>"; };
		A1DDA322214F827A007386B1 /* Base */ = {isa = PBXFileReference; lastKnownFileType = file.storyboard; name = Base; path = Base.lproj/LaunchScreen.storyboard; sourceTree = "<group>"; };
		A1DDA324214F827A007386B1 /* Info.plist */ = {isa = PBXFileReference; lastKnownFileType = text.plist.xml; path = Info.plist; sourceTree = "<group>"; };
		A1DDA329214F827B007386B1 /* Noti ManiaTests.xctest */ = {isa = PBXFileReference; explicitFileType = wrapper.cfbundle; includeInIndex = 0; path = "Noti ManiaTests.xctest"; sourceTree = BUILT_PRODUCTS_DIR; };
		A1DDA32D214F827B007386B1 /* Noti_ManiaTests.swift */ = {isa = PBXFileReference; lastKnownFileType = sourcecode.swift; path = Noti_ManiaTests.swift; sourceTree = "<group>"; };
		A1DDA32F214F827B007386B1 /* Info.plist */ = {isa = PBXFileReference; lastKnownFileType = text.plist.xml; path = Info.plist; sourceTree = "<group>"; };
		A1DDA334214F827B007386B1 /* Noti ManiaUITests.xctest */ = {isa = PBXFileReference; explicitFileType = wrapper.cfbundle; includeInIndex = 0; path = "Noti ManiaUITests.xctest"; sourceTree = BUILT_PRODUCTS_DIR; };
		A1DDA338214F827B007386B1 /* Noti_ManiaUITests.swift */ = {isa = PBXFileReference; lastKnownFileType = sourcecode.swift; path = Noti_ManiaUITests.swift; sourceTree = "<group>"; };
		A1DDA33A214F827B007386B1 /* Info.plist */ = {isa = PBXFileReference; lastKnownFileType = text.plist.xml; path = Info.plist; sourceTree = "<group>"; };
/* End PBXFileReference section */

/* Begin PBXFrameworksBuildPhase section */
		A1DDA312214F8271007386B1 /* Frameworks */ = {
			isa = PBXFrameworksBuildPhase;
			buildActionMask = 2147483647;
			files = (
			);
			runOnlyForDeploymentPostprocessing = 0;
		};
		A1DDA326214F827B007386B1 /* Frameworks */ = {
			isa = PBXFrameworksBuildPhase;
			buildActionMask = 2147483647;
			files = (
			);
			runOnlyForDeploymentPostprocessing = 0;
		};
		A1DDA331214F827B007386B1 /* Frameworks */ = {
			isa = PBXFrameworksBuildPhase;
			buildActionMask = 2147483647;
			files = (
			);
			runOnlyForDeploymentPostprocessing = 0;
		};
/* End PBXFrameworksBuildPhase section */

/* Begin PBXGroup section */
		A1DDA30C214F8271007386B1 = {
			isa = PBXGroup;
			children = (
				A1DDA317214F8271007386B1 /* Noti Mania */,
				A1DDA32C214F827B007386B1 /* Noti ManiaTests */,
				A1DDA337214F827B007386B1 /* Noti ManiaUITests */,
				A1DDA316214F8271007386B1 /* Products */,
			);
			sourceTree = "<group>";
		};
		A1DDA316214F8271007386B1 /* Products */ = {
			isa = PBXGroup;
			children = (
				A1DDA315214F8271007386B1 /* Noti Mania.app */,
				A1DDA329214F827B007386B1 /* Noti ManiaTests.xctest */,
				A1DDA334214F827B007386B1 /* Noti ManiaUITests.xctest */,
			);
			name = Products;
			sourceTree = "<group>";
		};
		A1DDA317214F8271007386B1 /* Noti Mania */ = {
			isa = PBXGroup;
			children = (
				A1DDA318214F8271007386B1 /* AppDelegate.swift */,
				A1DDA31A214F8271007386B1 /* ViewController.swift */,
				A1DDA31C214F8271007386B1 /* Main.storyboard */,
				A1DDA31F214F827A007386B1 /* Assets.xcassets */,
				A1DDA321214F827A007386B1 /* LaunchScreen.storyboard */,
				A1DDA324214F827A007386B1 /* Info.plist */,
			);
			path = "Noti Mania";
			sourceTree = "<group>";
		};
		A1DDA32C214F827B007386B1 /* Noti ManiaTests */ = {
			isa = PBXGroup;
			children = (
				A1DDA32D214F827B007386B1 /* Noti_ManiaTests.swift */,
				A1DDA32F214F827B007386B1 /* Info.plist */,
			);
			path = "Noti ManiaTests";
			sourceTree = "<group>";
		};
		A1DDA337214F827B007386B1 /* Noti ManiaUITests */ = {
			isa = PBXGroup;
			children = (
				A1DDA338214F827B007386B1 /* Noti_ManiaUITests.swift */,
				A1DDA33A214F827B007386B1 /* Info.plist */,
			);
			path = "Noti ManiaUITests";
			sourceTree = "<group>";
		};
/* End PBXGroup section */

/* Begin PBXNativeTarget section */
		A1DDA314214F8271007386B1 /* Noti Mania */ = {
			isa = PBXNativeTarget;
			buildConfigurationList = A1DDA33D214F827B007386B1 /* Build configuration list for PBXNativeTarget "Noti Mania" */;
			buildPhases = (
				A1DDA311214F8271007386B1 /* Sources */,
				A1DDA312214F8271007386B1 /* Frameworks */,
				A1DDA313214F8271007386B1 /* Resources */,
			);
			buildRules = (
			);
			dependencies = (
			);
			name = "Noti Mania";
			productName = "Noti Mania";
			productReference = A1DDA315214F8271007386B1 /* Noti Mania.app */;
			productType = "com.apple.product-type.application";
		};
		A1DDA328214F827B007386B1 /* Noti ManiaTests */ = {
			isa = PBXNativeTarget;
			buildConfigurationList = A1DDA340214F827B007386B1 /* Build configuration list for PBXNativeTarget "Noti ManiaTests" */;
			buildPhases = (
				A1DDA325214F827B007386B1 /* Sources */,
				A1DDA326214F827B007386B1 /* Frameworks */,
				A1DDA327214F827B007386B1 /* Resources */,
			);
			buildRules = (
			);
			dependencies = (
				A1DDA32B214F827B007386B1 /* PBXTargetDependency */,
			);
			name = "Noti ManiaTests";
			productName = "Noti ManiaTests";
			productReference = A1DDA329214F827B007386B1 /* Noti ManiaTests.xctest */;
			productType = "com.apple.product-type.bundle.unit-test";
		};
		A1DDA333214F827B007386B1 /* Noti ManiaUITests */ = {
			isa = PBXNativeTarget;
			buildConfigurationList = A1DDA343214F827B007386B1 /* Build configuration list for PBXNativeTarget "Noti ManiaUITests" */;
			buildPhases = (
				A1DDA330214F827B007386B1 /* Sources */,
				A1DDA331214F827B007386B1 /* Frameworks */,
				A1DDA332214F827B007386B1 /* Resources */,
			);
			buildRules = (
			);
			dependencies = (
				A1DDA336214F827B007386B1 /* PBXTargetDependency */,
			);
			name = "Noti ManiaUITests";
			productName = "Noti ManiaUITests";
			productReference = A1DDA334214F827B007386B1 /* Noti ManiaUITests.xctest */;
			productType = "com.apple.product-type.bundle.ui-testing";
		};
/* End PBXNativeTarget section */

/* Begin PBXProject section */
		A1DDA30D214F8271007386B1 /* Project object */ = {
			isa = PBXProject;
			attributes = {
				LastSwiftUpdateCheck = 0940;
				LastUpgradeCheck = 0940;
				ORGANIZATIONNAME = "ramjan sayyad";
				TargetAttributes = {
					A1DDA314214F8271007386B1 = {
						CreatedOnToolsVersion = 9.4.1;
					};
					A1DDA328214F827B007386B1 = {
						CreatedOnToolsVersion = 9.4.1;
						TestTargetID = A1DDA314214F8271007386B1;
					};
					A1DDA333214F827B007386B1 = {
						CreatedOnToolsVersion = 9.4.1;
						TestTargetID = A1DDA314214F8271007386B1;
					};
				};
			};
			buildConfigurationList = A1DDA310214F8271007386B1 /* Build configuration list for PBXProject "Noti Mania" */;
			compatibilityVersion = "Xcode 9.3";
			developmentRegion = en;
			hasScannedForEncodings = 0;
			knownRegions = (
				en,
				Base,
			);
			mainGroup = A1DDA30C214F8271007386B1;
			productRefGroup = A1DDA316214F8271007386B1 /* Products */;
			projectDirPath = "";
			projectRoot = "";
			targets = (
				A1DDA314214F8271007386B1 /* Noti Mania */,
				A1DDA328214F827B007386B1 /* Noti ManiaTests */,
				A1DDA333214F827B007386B1 /* Noti ManiaUITests */,
			);
		};
/* End PBXProject section */

/* Begin PBXResourcesBuildPhase section */
		A1DDA313214F8271007386B1 /* Resources */ = {
			isa = PBXResourcesBuildPhase;
			buildActionMask = 2147483647;
			files = (
				A1DDA323214F827A007386B1 /* LaunchScreen.storyboard in Resources */,
				A1DDA320214F827A007386B1 /* Assets.xcassets in Resources */,
				A1DDA31E214F8271007386B1 /* Main.storyboard in Resources */,
			);
			runOnlyForDeploymentPostprocessing = 0;
		};
		A1DDA327214F827B007386B1 /* Resources */ = {
			isa = PBXResourcesBuildPhase;
			buildActionMask = 2147483647;
			files = (
			);
			runOnlyForDeploymentPostprocessing = 0;
		};
		A1DDA332214F827B007386B1 /* Resources */ = {
			isa = PBXResourcesBuildPhase;
			buildActionMask = 2147483647;
			files = (
			);
			runOnlyForDeploymentPostprocessing = 0;
		};
/* End PBXResourcesBuildPhase section */

/* Begin PBXSourcesBuildPhase section */
		A1DDA311214F8271007386B1 /* Sources */ = {
			isa = PBXSourcesBuildPhase;
			buildActionMask = 2147483647;
			files = (
				A1DDA31B214F8271007386B1 /* ViewController.swift in Sources */,
				A1DDA319214F8271007386B1 /* AppDelegate.swift in Sources */,
			);
			runOnlyForDeploymentPostprocessing = 0;
		};
		A1DDA325214F827B007386B1 /* Sources */ = {
			isa = PBXSourcesBuildPhase;
			buildActionMask = 2147483647;
			files = (
				A1DDA32E214F827B007386B1 /* Noti_ManiaTests.swift in Sources */,
			);
			runOnlyForDeploymentPostprocessing = 0;
		};
		A1DDA330214F827B007386B1 /* Sources */ = {
			isa = PBXSourcesBuildPhase;
			buildActionMask = 2147483647;
			files = (
				A1DDA339214F827B007386B1 /* Noti_ManiaUITests.swift in Sources */,
			);
			runOnlyForDeploymentPostprocessing = 0;
		};
/* End PBXSourcesBuildPhase section */

/* Begin PBXTargetDependency section */
		A1DDA32B214F827B007386B1 /* PBXTargetDependency */ = {
			isa = PBXTargetDependency;
			target = A1DDA314214F8271007386B1 /* Noti Mania */;
			targetProxy = A1DDA32A214F827B007386B1 /* PBXContainerItemProxy */;
		};
		A1DDA336214F827B007386B1 /* PBXTargetDependency */ = {
			isa = PBXTargetDependency;
			target = A1DDA314214F8271007386B1 /* Noti Mania */;
			targetProxy = A1DDA335214F827B007386B1 /* PBXContainerItemProxy */;
		};
/* End PBXTargetDependency section */

/* Begin PBXVariantGroup section */
		A1DDA31C214F8271007386B1 /* Main.storyboard */ = {
			isa = PBXVariantGroup;
			children = (
				A1DDA31D214F8271007386B1 /* Base */,
			);
			name = Main.storyboard;
			sourceTree = "<group>";
		};
		A1DDA321214F827A007386B1 /* LaunchScreen.storyboard */ = {
			isa = PBXVariantGroup;
			children = (
				A1DDA322214F827A007386B1 /* Base */,
			);
			name = LaunchScreen.storyboard;
			sourceTree = "<group>";
		};
/* End PBXVariantGroup section */

/* Begin XCBuildConfiguration section */
		A1DDA33B214F827B007386B1 /* Debug */ = {
			isa = XCBuildConfiguration;
			buildSettings = {
				ALWAYS_SEARCH_USER_PATHS = NO;
				CLANG_ANALYZER_NONNULL = YES;
				CLANG_ANALYZER_NUMBER_OBJECT_CONVERSION = YES_AGGRESSIVE;
				CLANG_CXX_LANGUAGE_STANDARD = "gnu++14";
				CLANG_CXX_LIBRARY = "libc++";
				CLANG_ENABLE_MODULES = YES;
				CLANG_ENABLE_OBJC_ARC = YES;
				CLANG_ENABLE_OBJC_WEAK = YES;
				CLANG_WARN_BLOCK_CAPTURE_AUTORELEASING = YES;
				CLANG_WARN_BOOL_CONVERSION = YES;
				CLANG_WARN_COMMA = YES;
				CLANG_WARN_CONSTANT_CONVERSION = YES;
				CLANG_WARN_DEPRECATED_OBJC_IMPLEMENTATIONS = YES;
				CLANG_WARN_DIRECT_OBJC_ISA_USAGE = YES_ERROR;
				CLANG_WARN_DOCUMENTATION_COMMENTS = YES;
				CLANG_WARN_EMPTY_BODY = YES;
				CLANG_WARN_ENUM_CONVERSION = YES;
				CLANG_WARN_INFINITE_RECURSION = YES;
				CLANG_WARN_INT_CONVERSION = YES;
				CLANG_WARN_NON_LITERAL_NULL_CONVERSION = YES;
				CLANG_WARN_OBJC_IMPLICIT_RETAIN_SELF = YES;
				CLANG_WARN_OBJC_LITERAL_CONVERSION = YES;
				CLANG_WARN_OBJC_ROOT_CLASS = YES_ERROR;
				CLANG_WARN_RANGE_LOOP_ANALYSIS = YES;
				CLANG_WARN_STRICT_PROTOTYPES = YES;
				CLANG_WARN_SUSPICIOUS_MOVE = YES;
				CLANG_WARN_UNGUARDED_AVAILABILITY = YES_AGGRESSIVE;
				CLANG_WARN_UNREACHABLE_CODE = YES;
				CLANG_WARN__DUPLICATE_METHOD_MATCH = YES;
				CODE_SIGN_IDENTITY = "iPhone Developer";
				COPY_PHASE_STRIP = NO;
				DEBUG_INFORMATION_FORMAT = dwarf;
				ENABLE_STRICT_OBJC_MSGSEND = YES;
				ENABLE_TESTABILITY = YES;
				GCC_C_LANGUAGE_STANDARD = gnu11;
				GCC_DYNAMIC_NO_PIC = NO;
				GCC_NO_COMMON_BLOCKS = YES;
				GCC_OPTIMIZATION_LEVEL = 0;
				GCC_PREPROCESSOR_DEFINITIONS = (
					"DEBUG=1",
					"$(inherited)",
				);
				GCC_WARN_64_TO_32_BIT_CONVERSION = YES;
				GCC_WARN_ABOUT_RETURN_TYPE = YES_ERROR;
				GCC_WARN_UNDECLARED_SELECTOR = YES;
				GCC_WARN_UNINITIALIZED_AUTOS = YES_AGGRESSIVE;
				GCC_WARN_UNUSED_FUNCTION = YES;
				GCC_WARN_UNUSED_VARIABLE = YES;
				IPHONEOS_DEPLOYMENT_TARGET = 11.4;
				MTL_ENABLE_DEBUG_INFO = YES;
				ONLY_ACTIVE_ARCH = YES;
				SDKROOT = iphoneos;
				SWIFT_ACTIVE_COMPILATION_CONDITIONS = DEBUG;
				SWIFT_OPTIMIZATION_LEVEL = "-Onone";
			};
			name = Debug;
		};
		A1DDA33C214F827B007386B1 /* Release */ = {
			isa = XCBuildConfiguration;
			buildSettings = {
				ALWAYS_SEARCH_USER_PATHS = NO;
				CLANG_ANALYZER_NONNULL = YES;
				CLANG_ANALYZER_NUMBER_OBJECT_CONVERSION = YES_AGGRESSIVE;
				CLANG_CXX_LANGUAGE_STANDARD = "gnu++14";
				CLANG_CXX_LIBRARY = "libc++";
				CLANG_ENABLE_MODULES = YES;
				CLANG_ENABLE_OBJC_ARC = YES;
				CLANG_ENABLE_OBJC_WEAK = YES;
				CLANG_WARN_BLOCK_CAPTURE_AUTORELEASING = YES;
				CLANG_WARN_BOOL_CONVERSION = YES;
				CLANG_WARN_COMMA = YES;
				CLANG_WARN_CONSTANT_CONVERSION = YES;
				CLANG_WARN_DEPRECATED_OBJC_IMPLEMENTATIONS = YES;
				CLANG_WARN_DIRECT_OBJC_ISA_USAGE = YES_ERROR;
				CLANG_WARN_DOCUMENTATION_COMMENTS = YES;
				CLANG_WARN_EMPTY_BODY = YES;
				CLANG_WARN_ENUM_CONVERSION = YES;
				CLANG_WARN_INFINITE_RECURSION = YES;
				CLANG_WARN_INT_CONVERSION = YES;
				CLANG_WARN_NON_LITERAL_NULL_CONVERSION = YES;
				CLANG_WARN_OBJC_IMPLICIT_RETAIN_SELF = YES;
				CLANG_WARN_OBJC_LITERAL_CONVERSION = YES;
				CLANG_WARN_OBJC_ROOT_CLASS = YES_ERROR;
				CLANG_WARN_RANGE_LOOP_ANALYSIS = YES;
				CLANG_WARN_STRICT_PROTOTYPES = YES;
				CLANG_WARN_SUSPICIOUS_MOVE = YES;
				CLANG_WARN_UNGUARDED_AVAILABILITY = YES_AGGRESSIVE;
				CLANG_WARN_UNREACHABLE_CODE = YES;
				CLANG_WARN__DUPLICATE_METHOD_MATCH = YES;
				CODE_SIGN_IDENTITY = "iPhone Developer";
				COPY_PHASE_STRIP = NO;
				DEBUG_INFORMATION_FORMAT = "dwarf-with-dsym";
				ENABLE_NS_ASSERTIONS = NO;
				ENABLE_STRICT_OBJC_MSGSEND = YES;
				GCC_C_LANGUAGE_STANDARD = gnu11;
				GCC_NO_COMMON_BLOCKS = YES;
				GCC_WARN_64_TO_32_BIT_CONVERSION = YES;
				GCC_WARN_ABOUT_RETURN_TYPE = YES_ERROR;
				GCC_WARN_UNDECLARED_SELECTOR = YES;
				GCC_WARN_UNINITIALIZED_AUTOS = YES_AGGRESSIVE;
				GCC_WARN_UNUSED_FUNCTION = YES;
				GCC_WARN_UNUSED_VARIABLE = YES;
				IPHONEOS_DEPLOYMENT_TARGET = 11.4;
				MTL_ENABLE_DEBUG_INFO = NO;
				SDKROOT = iphoneos;
				SWIFT_COMPILATION_MODE = wholemodule;
				SWIFT_OPTIMIZATION_LEVEL = "-O";
				VALIDATE_PRODUCT = YES;
			};
			name = Release;
		};
		A1DDA33E214F827B007386B1 /* Debug */ = {
			isa = XCBuildConfiguration;
			buildSettings = {
				ASSETCATALOG_COMPILER_APPICON_NAME = AppIcon;
				CODE_SIGN_STYLE = Automatic;
				INFOPLIST_FILE = "Noti Mania/Info.plist";
				LD_RUNPATH_SEARCH_PATHS = (
					"$(inherited)",
					"@executable_path/Frameworks",
				);
				PRODUCT_BUNDLE_IDENTIFIER = "Tribhi.Noti-Mania";
				PRODUCT_NAME = "$(TARGET_NAME)";
				SWIFT_VERSION = 4.0;
				TARGETED_DEVICE_FAMILY = "1,2";
			};
			name = Debug;
		};
		A1DDA33F214F827B007386B1 /* Release */ = {
			isa = XCBuildConfiguration;
			buildSettings = {
				ASSETCATALOG_COMPILER_APPICON_NAME = AppIcon;
				CODE_SIGN_STYLE = Automatic;
				INFOPLIST_FILE = "Noti Mania/Info.plist";
				LD_RUNPATH_SEARCH_PATHS = (
					"$(inherited)",
					"@executable_path/Frameworks",
				);
				PRODUCT_BUNDLE_IDENTIFIER = "Tribhi.Noti-Mania";
				PRODUCT_NAME = "$(TARGET_NAME)";
				SWIFT_VERSION = 4.0;
				TARGETED_DEVICE_FAMILY = "1,2";
			};
			name = Release;
		};
		A1DDA341214F827B007386B1 /* Debug */ = {
			isa = XCBuildConfiguration;
			buildSettings = {
				ALWAYS_EMBED_SWIFT_STANDARD_LIBRARIES = YES;
				BUNDLE_LOADER = "$(TEST_HOST)";
				CODE_SIGN_STYLE = Automatic;
				INFOPLIST_FILE = "Noti ManiaTests/Info.plist";
				LD_RUNPATH_SEARCH_PATHS = (
					"$(inherited)",
					"@executable_path/Frameworks",
					"@loader_path/Frameworks",
				);
				PRODUCT_BUNDLE_IDENTIFIER = "Tribhi.Noti-ManiaTests";
				PRODUCT_NAME = "$(TARGET_NAME)";
				SWIFT_VERSION = 4.0;
				TARGETED_DEVICE_FAMILY = "1,2";
				TEST_HOST = "$(BUILT_PRODUCTS_DIR)/Noti Mania.app/Noti Mania";
			};
			name = Debug;
		};
		A1DDA342214F827B007386B1 /* Release */ = {
			isa = XCBuildConfiguration;
			buildSettings = {
				ALWAYS_EMBED_SWIFT_STANDARD_LIBRARIES = YES;
				BUNDLE_LOADER = "$(TEST_HOST)";
				CODE_SIGN_STYLE = Automatic;
				INFOPLIST_FILE = "Noti ManiaTests/Info.plist";
				LD_RUNPATH_SEARCH_PATHS = (
					"$(inherited)",
					"@executable_path/Frameworks",
					"@loader_path/Frameworks",
				);
				PRODUCT_BUNDLE_IDENTIFIER = "Tribhi.Noti-ManiaTests";
				PRODUCT_NAME = "$(TARGET_NAME)";
				SWIFT_VERSION = 4.0;
				TARGETED_DEVICE_FAMILY = "1,2";
				TEST_HOST = "$(BUILT_PRODUCTS_DIR)/Noti Mania.app/Noti Mania";
			};
			name = Release;
		};
		A1DDA344214F827B007386B1 /* Debug */ = {
			isa = XCBuildConfiguration;
			buildSettings = {
				ALWAYS_EMBED_SWIFT_STANDARD_LIBRARIES = YES;
				CODE_SIGN_STYLE = Automatic;
				INFOPLIST_FILE = "Noti ManiaUITests/Info.plist";
				LD_RUNPATH_SEARCH_PATHS = (
					"$(inherited)",
					"@executable_path/Frameworks",
					"@loader_path/Frameworks",
				);
				PRODUCT_BUNDLE_IDENTIFIER = "Tribhi.Noti-ManiaUITests";
				PRODUCT_NAME = "$(TARGET_NAME)";
				SWIFT_VERSION = 4.0;
				TARGETED_DEVICE_FAMILY = "1,2";
				TEST_TARGET_NAME = "Noti Mania";
			};
			name = Debug;
		};
		A1DDA345214F827B007386B1 /* Release */ = {
			isa = XCBuildConfiguration;
			buildSettings = {
				ALWAYS_EMBED_SWIFT_STANDARD_LIBRARIES = YES;
				CODE_SIGN_STYLE = Automatic;
				INFOPLIST_FILE = "Noti ManiaUITests/Info.plist";
				LD_RUNPATH_SEARCH_PATHS = (
					"$(inherited)",
					"@executable_path/Frameworks",
					"@loader_path/Frameworks",
				);
				PRODUCT_BUNDLE_IDENTIFIER = "Tribhi.Noti-ManiaUITests";
				PRODUCT_NAME = "$(TARGET_NAME)";
				SWIFT_VERSION = 4.0;
				TARGETED_DEVICE_FAMILY = "1,2";
				TEST_TARGET_NAME = "Noti Mania";
			};
			name = Release;
		};
/* End XCBuildConfiguration section */

/* Begin XCConfigurationList section */
		A1DDA310214F8271007386B1 /* Build configuration list for PBXProject "Noti Mania" */ = {
			isa = XCConfigurationList;
			buildConfigurations = (
				A1DDA33B214F827B007386B1 /* Debug */,
				A1DDA33C214F827B007386B1 /* Release */,
			);
			defaultConfigurationIsVisible = 0;
			defaultConfigurationName = Release;
		};
		A1DDA33D214F827B007386B1 /* Build configuration list for PBXNativeTarget "Noti Mania" */ = {
			isa = XCConfigurationList;
			buildConfigurations = (
				A1DDA33E214F827B007386B1 /* Debug */,
				A1DDA33F214F827B007386B1 /* Release */,
			);
			defaultConfigurationIsVisible = 0;
			defaultConfigurationName = Release;
		};
		A1DDA340214F827B007386B1 /* Build configuration list for PBXNativeTarget "Noti ManiaTests" */ = {
			isa = XCConfigurationList;
			buildConfigurations = (
				A1DDA341214F827B007386B1 /* Debug */,
				A1DDA342214F827B007386B1 /* Release */,
			);
			defaultConfigurationIsVisible = 0;
			defaultConfigurationName = Release;
		};
		A1DDA343214F827B007386B1 /* Build configuration list for PBXNativeTarget "Noti ManiaUITests" */ = {
			isa = XCConfigurationList;
			buildConfigurations = (
				A1DDA344214F827B007386B1 /* Debug */,
				A1DDA345214F827B007386B1 /* Release */,
			);
			defaultConfigurationIsVisible = 0;
			defaultConfigurationName = Release;
		};
/* End XCConfigurationList section */
	};
	rootObject = A1DDA30D214F8271007386B1 /* Project object */;
}
